{
  "object": {
    "pins": [
      {
        "package": "SwiftUIRefresh",
        "repositoryURL": "https://github.com/siteline/SwiftUIRefresh",
        "state": {
          "branch": null,
          "revision": "c029f3b2f91254b129cbe3cf3f86a40dc7a1da0c",
          "version": "0.0.1"
        }
      }
    ]
  },
  "version": 1
}
