// !$*UTF8*$!
{
	archiveVersion = 1;
	classes = {
	};
	objectVersion = 52;
	objects = {

/* Begin PBXBuildFile section */
		FDDBA02223C9CE2B007DD64E /* AppDelegate.swift in Sources */ = {isa = PBXBuildFile; fileRef = FDDBA02123C9CE2B007DD64E /* AppDelegate.swift */; };
		FDDBA02423C9CE2B007DD64E /* SceneDelegate.swift in Sources */ = {isa = PBXBuildFile; fileRef = FDDBA02323C9CE2B007DD64E /* SceneDelegate.swift */; };
		FDDBA02623C9CE2B007DD64E /* ContentView.swift in Sources */ = {isa = PBXBuildFile; fileRef = FDDBA02523C9CE2B007DD64E /* ContentView.swift */; };
		FDDBA02823C9CE2C007DD64E /* Assets.xcassets in Resources */ = {isa = PBXBuildFile; fileRef = FDDBA02723C9CE2C007DD64E /* Assets.xcassets */; };
		FDDBA02B23C9CE2C007DD64E /* Preview Assets.xcassets in Resources */ = {isa = PBXBuildFile; fileRef = FDDBA02A23C9CE2C007DD64E /* Preview Assets.xcassets */; };
		FDDBA02E23C9CE2C007DD64E /* LaunchScreen.storyboard in Resources */ = {isa = PBXBuildFile; fileRef = FDDBA02C23C9CE2C007DD64E /* LaunchScreen.storyboard */; };
		FDDBA03723C9CF9B007DD64E /* SwiftUIRefresh in Frameworks */ = {isa = PBXBuildFile; productRef = FDDBA03623C9CF9B007DD64E /* SwiftUIRefresh */; };
/* End PBXBuildFile section */

/* Begin PBXFileReference section */
		FDDBA01E23C9CE2B007DD64E /* SwiftUIPullToRefresh.app */ = {isa = PBXFileReference; explicitFileType = wrapper.application; includeInIndex = 0; path = SwiftUIPullToRefresh.app; sourceTree = BUILT_PRODUCTS_DIR; };
		FDDBA02123C9CE2B007DD64E /* AppDelegate.swift */ = {isa = PBXFileReference; lastKnownFileType = sourcecode.swift; path = AppDelegate.swift; sourceTree = "<group>"; };
		FDDBA02323C9CE2B007DD64E /* SceneDelegate.swift */ = {isa = PBXFileReference; lastKnownFileType = sourcecode.swift; path = SceneDelegate.swift; sourceTree = "<group>"; };
		FDDBA02523C9CE2B007DD64E /* ContentView.swift */ = {isa = PBXFileReference; lastKnownFileType = sourcecode.swift; path = ContentView.swift; sourceTree = "<group>"; };
		FDDBA02723C9CE2C007DD64E /* Assets.xcassets */ = {isa = PBXFileReference; lastKnownFileType = folder.assetcatalog; path = Assets.xcassets; sourceTree = "<group>"; };
		FDDBA02A23C9CE2C007DD64E /* Preview Assets.xcassets */ = {isa = PBXFileReference; lastKnownFileType = folder.assetcatalog; path = "Preview Assets.xcassets"; sourceTree = "<group>"; };
		FDDBA02D23C9CE2C007DD64E /* Base */ = {isa = PBXFileReference; lastKnownFileType = file.storyboard; name = Base; path = Base.lproj/LaunchScreen.storyboard; sourceTree = "<group>"; };
		FDDBA02F23C9CE2C007DD64E /* Info.plist */ = {isa = PBXFileReference; lastKnownFileType = text.plist.xml; path = Info.plist; sourceTree = "<group>"; };
/* End PBXFileReference section */

/* Begin PBXFrameworksBuildPhase section */
		FDDBA01B23C9CE2B007DD64E /* Frameworks */ = {
			isa = PBXFrameworksBuildPhase;
			buildActionMask = 2147483647;
			files = (
				FDDBA03723C9CF9B007DD64E /* SwiftUIRefresh in Frameworks */,
			);
			runOnlyForDeploymentPostprocessing = 0;
		};
/* End PBXFrameworksBuildPhase section */

/* Begin PBXGroup section */
		FDDBA01523C9CE2B007DD64E = {
			isa = PBXGroup;
			children = (
				FDDBA02023C9CE2B007DD64E /* SwiftUIPullToRefresh */,
				FDDBA01F23C9CE2B007DD64E /* Products */,
			);
			sourceTree = "<group>";
		};
		FDDBA01F23C9CE2B007DD64E /* Products */ = {
			isa = PBXGroup;
			children = (
				FDDBA01E23C9CE2B007DD64E /* SwiftUIPullToRefresh.app */,
			);
			name = Products;
			sourceTree = "<group>";
		};
		FDDBA02023C9CE2B007DD64E /* SwiftUIPullToRefresh */ = {
			isa = PBXGroup;
			children = (
				FDDBA02123C9CE2B007DD64E /* AppDelegate.swift */,
				FDDBA02323C9CE2B007DD64E /* SceneDelegate.swift */,
				FDDBA02523C9CE2B007DD64E /* ContentView.swift */,
				FDDBA02723C9CE2C007DD64E /* Assets.xcassets */,
				FDDBA02C23C9CE2C007DD64E /* LaunchScreen.storyboard */,
				FDDBA02F23C9CE2C007DD64E /* Info.plist */,
				FDDBA02923C9CE2C007DD64E /* Preview Content */,
			);
			path = SwiftUIPullToRefresh;
			sourceTree = "<group>";
		};
		FDDBA02923C9CE2C007DD64E /* Preview Content */ = {
			isa = PBXGroup;
			children = (
				FDDBA02A23C9CE2C007DD64E /* Preview Assets.xcassets */,
			);
			path = "Preview Content";
			sourceTree = "<group>";
		};
/* End PBXGroup section */

/* Begin PBXNativeTarget section */
		FDDBA01D23C9CE2B007DD64E /* SwiftUIPullToRefresh */ = {
			isa = PBXNativeTarget;
			buildConfigurationList = FDDBA03223C9CE2C007DD64E /* Build configuration list for PBXNativeTarget "SwiftUIPullToRefresh" */;
			buildPhases = (
				FDDBA01A23C9CE2B007DD64E /* Sources */,
				FDDBA01B23C9CE2B007DD64E /* Frameworks */,
				FDDBA01C23C9CE2B007DD64E /* Resources */,
			);
			buildRules = (
			);
			dependencies = (
			);
			name = SwiftUIPullToRefresh;
			packageProductDependencies = (
				FDDBA03623C9CF9B007DD64E /* SwiftUIRefresh */,
			);
			productName = SwiftUIPullToRefresh;
			productReference = FDDBA01E23C9CE2B007DD64E /* SwiftUIPullToRefresh.app */;
			productType = "com.apple.product-type.application";
		};
/* End PBXNativeTarget section */

/* Begin PBXProject section */
		FDDBA01623C9CE2B007DD64E /* Project object */ = {
			isa = PBXProject;
			attributes = {
				LastSwiftUpdateCheck = 1130;
				LastUpgradeCheck = 1130;
				ORGANIZATIONNAME = shirai;
				TargetAttributes = {
					FDDBA01D23C9CE2B007DD64E = {
						CreatedOnToolsVersion = 11.3;
					};
				};
			};
			buildConfigurationList = FDDBA01923C9CE2B007DD64E /* Build configuration list for PBXProject "SwiftUIPullToRefresh" */;
			compatibilityVersion = "Xcode 9.3";
			developmentRegion = en;
			hasScannedForEncodings = 0;
			knownRegions = (
				en,
				Base,
			);
			mainGroup = FDDBA01523C9CE2B007DD64E;
			packageReferences = (
				FDDBA03523C9CF9B007DD64E /* XCRemoteSwiftPackageReference "SwiftUIRefresh" */,
			);
			productRefGroup = FDDBA01F23C9CE2B007DD64E /* Products */;
			projectDirPath = "";
			projectRoot = "";
			targets = (
				FDDBA01D23C9CE2B007DD64E /* SwiftUIPullToRefresh */,
			);
		};
/* End PBXProject section */

/* Begin PBXResourcesBuildPhase section */
		FDDBA01C23C9CE2B007DD64E /* Resources */ = {
			isa = PBXResourcesBuildPhase;
			buildActionMask = 2147483647;
			files = (
				FDDBA02E23C9CE2C007DD64E /* LaunchScreen.storyboard in Resources */,
				FDDBA02B23C9CE2C007DD64E /* Preview Assets.xcassets in Resources */,
				FDDBA02823C9CE2C007DD64E /* Assets.xcassets in Resources */,
			);
			runOnlyForDeploymentPostprocessing = 0;
		};
/* End PBXResourcesBuildPhase section */

/* Begin PBXSourcesBuildPhase section */
		FDDBA01A23C9CE2B007DD64E /* Sources */ = {
			isa = PBXSourcesBuildPhase;
			buildActionMask = 2147483647;
			files = (
				FDDBA02223C9CE2B007DD64E /* AppDelegate.swift in Sources */,
				FDDBA02423C9CE2B007DD64E /* SceneDelegate.swift in Sources */,
				FDDBA02623C9CE2B007DD64E /* ContentView.swift in Sources */,
			);
			runOnlyForDeploymentPostprocessing = 0;
		};
/* End PBXSourcesBuildPhase section */

/* Begin PBXVariantGroup section */
		FDDBA02C23C9CE2C007DD64E /* LaunchScreen.storyboard */ = {
			isa = PBXVariantGroup;
			children = (
				FDDBA02D23C9CE2C007DD64E /* Base */,
			);
			name = LaunchScreen.storyboard;
			sourceTree = "<group>";
		};
/* End PBXVariantGroup section */

/* Begin XCBuildConfiguration section */
		FDDBA03023C9CE2C007DD64E /* Debug */ = {
			isa = XCBuildConfiguration;
			buildSettings = {
				ALWAYS_SEARCH_USER_PATHS = NO;
				CLANG_ANALYZER_NONNULL = YES;
				CLANG_ANALYZER_NUMBER_OBJECT_CONVERSION = YES_AGGRESSIVE;
				CLANG_CXX_LANGUAGE_STANDARD = "gnu++14";
				CLANG_CXX_LIBRARY = "libc++";
				CLANG_ENABLE_MODULES = YES;
				CLANG_ENABLE_OBJC_ARC = YES;
				CLANG_ENABLE_OBJC_WEAK = YES;
				CLANG_WARN_BLOCK_CAPTURE_AUTORELEASING = YES;
				CLANG_WARN_BOOL_CONVERSION = YES;
				CLANG_WARN_COMMA = YES;
				CLANG_WARN_CONSTANT_CONVERSION = YES;
				CLANG_WARN_DEPRECATED_OBJC_IMPLEMENTATIONS = YES;
				CLANG_WARN_DIRECT_OBJC_ISA_USAGE = YES_ERROR;
				CLANG_WARN_DOCUMENTATION_COMMENTS = YES;
				CLANG_WARN_EMPTY_BODY = YES;
				CLANG_WARN_ENUM_CONVERSION = YES;
				CLANG_WARN_INFINITE_RECURSION = YES;
				CLANG_WARN_INT_CONVERSION = YES;
				CLANG_WARN_NON_LITERAL_NULL_CONVERSION = YES;
				CLANG_WARN_OBJC_IMPLICIT_RETAIN_SELF = YES;
				CLANG_WARN_OBJC_LITERAL_CONVERSION = YES;
				CLANG_WARN_OBJC_ROOT_CLASS = YES_ERROR;
				CLANG_WARN_RANGE_LOOP_ANALYSIS = YES;
				CLANG_WARN_STRICT_PROTOTYPES = YES;
				CLANG_WARN_SUSPICIOUS_MOVE = YES;
				CLANG_WARN_UNGUARDED_AVAILABILITY = YES_AGGRESSIVE;
				CLANG_WARN_UNREACHABLE_CODE = YES;
				CLANG_WARN__DUPLICATE_METHOD_MATCH = YES;
				COPY_PHASE_STRIP = NO;
				DEBUG_INFORMATION_FORMAT = dwarf;
				ENABLE_STRICT_OBJC_MSGSEND = YES;
				ENABLE_TESTABILITY = YES;
				GCC_C_LANGUAGE_STANDARD = gnu11;
				GCC_DYNAMIC_NO_PIC = NO;
				GCC_NO_COMMON_BLOCKS = YES;
				GCC_OPTIMIZATION_LEVEL = 0;
				GCC_PREPROCESSOR_DEFINITIONS = (
					"DEBUG=1",
					"$(inherited)",
				);
				GCC_WARN_64_TO_32_BIT_CONVERSION = YES;
				GCC_WARN_ABOUT_RETURN_TYPE = YES_ERROR;
				GCC_WARN_UNDECLARED_SELECTOR = YES;
				GCC_WARN_UNINITIALIZED_AUTOS = YES_AGGRESSIVE;
				GCC_WARN_UNUSED_FUNCTION = YES;
				GCC_WARN_UNUSED_VARIABLE = YES;
				IPHONEOS_DEPLOYMENT_TARGET = 13.2;
				MTL_ENABLE_DEBUG_INFO = INCLUDE_SOURCE;
				MTL_FAST_MATH = YES;
				ONLY_ACTIVE_ARCH = YES;
				SDKROOT = iphoneos;
				SWIFT_ACTIVE_COMPILATION_CONDITIONS = DEBUG;
				SWIFT_OPTIMIZATION_LEVEL = "-Onone";
			};
			name = Debug;
		};
		FDDBA03123C9CE2C007DD64E /* Release */ = {
			isa = XCBuildConfiguration;
			buildSettings = {
				ALWAYS_SEARCH_USER_PATHS = NO;
				CLANG_ANALYZER_NONNULL = YES;
				CLANG_ANALYZER_NUMBER_OBJECT_CONVERSION = YES_AGGRESSIVE;
				CLANG_CXX_LANGUAGE_STANDARD = "gnu++14";
				CLANG_CXX_LIBRARY = "libc++";
				CLANG_ENABLE_MODULES = YES;
				CLANG_ENABLE_OBJC_ARC = YES;
				CLANG_ENABLE_OBJC_WEAK = YES;
				CLANG_WARN_BLOCK_CAPTURE_AUTORELEASING = YES;
				CLANG_WARN_BOOL_CONVERSION = YES;
				CLANG_WARN_COMMA = YES;
				CLANG_WARN_CONSTANT_CONVERSION = YES;
				CLANG_WARN_DEPRECATED_OBJC_IMPLEMENTATIONS = YES;
				CLANG_WARN_DIRECT_OBJC_ISA_USAGE = YES_ERROR;
				CLANG_WARN_DOCUMENTATION_COMMENTS = YES;
				CLANG_WARN_EMPTY_BODY = YES;
				CLANG_WARN_ENUM_CONVERSION = YES;
				CLANG_WARN_INFINITE_RECURSION = YES;
				CLANG_WARN_INT_CONVERSION = YES;
				CLANG_WARN_NON_LITERAL_NULL_CONVERSION = YES;
				CLANG_WARN_OBJC_IMPLICIT_RETAIN_SELF = YES;
				CLANG_WARN_OBJC_LITERAL_CONVERSION = YES;
				CLANG_WARN_OBJC_ROOT_CLASS = YES_ERROR;
				CLANG_WARN_RANGE_LOOP_ANALYSIS = YES;
				CLANG_WARN_STRICT_PROTOTYPES = YES;
				CLANG_WARN_SUSPICIOUS_MOVE = YES;
				CLANG_WARN_UNGUARDED_AVAILABILITY = YES_AGGRESSIVE;
				CLANG_WARN_UNREACHABLE_CODE = YES;
				CLANG_WARN__DUPLICATE_METHOD_MATCH = YES;
				COPY_PHASE_STRIP = NO;
				DEBUG_INFORMATION_FORMAT = "dwarf-with-dsym";
				ENABLE_NS_ASSERTIONS = NO;
				ENABLE_STRICT_OBJC_MSGSEND = YES;
				GCC_C_LANGUAGE_STANDARD = gnu11;
				GCC_NO_COMMON_BLOCKS = YES;
				GCC_WARN_64_TO_32_BIT_CONVERSION = YES;
				GCC_WARN_ABOUT_RETURN_TYPE = YES_ERROR;
				GCC_WARN_UNDECLARED_SELECTOR = YES;
				GCC_WARN_UNINITIALIZED_AUTOS = YES_AGGRESSIVE;
				GCC_WARN_UNUSED_FUNCTION = YES;
				GCC_WARN_UNUSED_VARIABLE = YES;
				IPHONEOS_DEPLOYMENT_TARGET = 13.2;
				MTL_ENABLE_DEBUG_INFO = NO;
				MTL_FAST_MATH = YES;
				SDKROOT = iphoneos;
				SWIFT_COMPILATION_MODE = wholemodule;
				SWIFT_OPTIMIZATION_LEVEL = "-O";
				VALIDATE_PRODUCT = YES;
			};
			name = Release;
		};
		FDDBA03323C9CE2C007DD64E /* Debug */ = {
			isa = XCBuildConfiguration;
			buildSettings = {
				ASSETCATALOG_COMPILER_APPICON_NAME = AppIcon;
				CODE_SIGN_STYLE = Automatic;
				DEVELOPMENT_ASSET_PATHS = "\"SwiftUIPullToRefresh/Preview Content\"";
				DEVELOPMENT_TEAM = 7HLJLL373B;
				ENABLE_PREVIEWS = YES;
				INFOPLIST_FILE = SwiftUIPullToRefresh/Info.plist;
				LD_RUNPATH_SEARCH_PATHS = (
					"$(inherited)",
					"@executable_path/Frameworks",
				);
				PRODUCT_BUNDLE_IDENTIFIER = com.shirai.SwiftUIPullToRefresh;
				PRODUCT_NAME = "$(TARGET_NAME)";
				SWIFT_VERSION = 5.0;
				TARGETED_DEVICE_FAMILY = "1,2";
			};
			name = Debug;
		};
		FDDBA03423C9CE2C007DD64E /* Release */ = {
			isa = XCBuildConfiguration;
			buildSettings = {
				ASSETCATALOG_COMPILER_APPICON_NAME = AppIcon;
				CODE_SIGN_STYLE = Automatic;
				DEVELOPMENT_ASSET_PATHS = "\"SwiftUIPullToRefresh/Preview Content\"";
				DEVELOPMENT_TEAM = 7HLJLL373B;
				ENABLE_PREVIEWS = YES;
				INFOPLIST_FILE = SwiftUIPullToRefresh/Info.plist;
				LD_RUNPATH_SEARCH_PATHS = (
					"$(inherited)",
					"@executable_path/Frameworks",
				);
				PRODUCT_BUNDLE_IDENTIFIER = com.shirai.SwiftUIPullToRefresh;
				PRODUCT_NAME = "$(TARGET_NAME)";
				SWIFT_VERSION = 5.0;
				TARGETED_DEVICE_FAMILY = "1,2";
			};
			name = Release;
		};
/* End XCBuildConfiguration section */

/* Begin XCConfigurationList section */
		FDDBA01923C9CE2B007DD64E /* Build configuration list for PBXProject "SwiftUIPullToRefresh" */ = {
			isa = XCConfigurationList;
			buildConfigurations = (
				FDDBA03023C9CE2C007DD64E /* Debug */,
				FDDBA03123C9CE2C007DD64E /* Release */,
			);
			defaultConfigurationIsVisible = 0;
			defaultConfigurationName = Release;
		};
		FDDBA03223C9CE2C007DD64E /* Build configuration list for PBXNativeTarget "SwiftUIPullToRefresh" */ = {
			isa = XCConfigurationList;
			buildConfigurations = (
				FDDBA03323C9CE2C007DD64E /* Debug */,
				FDDBA03423C9CE2C007DD64E /* Release */,
			);
			defaultConfigurationIsVisible = 0;
			defaultConfigurationName = Release;
		};
/* End XCConfigurationList section */

/* Begin XCRemoteSwiftPackageReference section */
		FDDBA03523C9CF9B007DD64E /* XCRemoteSwiftPackageReference "SwiftUIRefresh" */ = {
			isa = XCRemoteSwiftPackageReference;
			repositoryURL = "https://github.com/siteline/SwiftUIRefresh";
			requirement = {
				kind = upToNextMajorVersion;
				minimumVersion = 0.0.1;
			};
		};
/* End XCRemoteSwiftPackageReference section */

/* Begin XCSwiftPackageProductDependency section */
		FDDBA03623C9CF9B007DD64E /* SwiftUIRefresh */ = {
			isa = XCSwiftPackageProductDependency;
			package = FDDBA03523C9CF9B007DD64E /* XCRemoteSwiftPackageReference "SwiftUIRefresh" */;
			productName = SwiftUIRefresh;
		};
/* End XCSwiftPackageProductDependency section */
	};
	rootObject = FDDBA01623C9CE2B007DD64E /* Project object */;
}
